
Microsoft Visual Studio Solution File, Format Version 12.00
# Visual Studio 15
VisualStudioVersion = 15.0.28307.329
MinimumVisualStudioVersion = 10.0.40219.1
Project("{FAE04EC0-301F-11D3-BF4B-00C04F79EFBC}") = "LearnLiteDBfromScratch", "LearnLiteDBfromScratch.csproj", "{330D1986-60A5-4D74-B887-23DBC220A666}"
EndProject
Global
	GlobalSection(SolutionConfigurationPlatforms) = preSolution
		Debug|Any CPU = Debug|Any CPU
		Release|Any CPU = Release|Any CPU
	EndGlobalSection
	GlobalSection(ProjectConfigurationPlatforms) = postSolution
		{330D1986-60A5-4D74-B887-23DBC220A666}.Debug|Any CPU.ActiveCfg = Debug|Any CPU
		{330D1986-60A5-4D74-B887-23DBC220A666}.Debug|Any CPU.Build.0 = Debug|Any CPU
		{330D1986-60A5-4D74-B887-23DBC220A666}.Release|Any CPU.ActiveCfg = Release|Any CPU
		{330D1986-60A5-4D74-B887-23DBC220A666}.Release|Any CPU.Build.0 = Release|Any CPU
	EndGlobalSection
	GlobalSection(SolutionProperties) = preSolution
		HideSolutionNode = FALSE
	EndGlobalSection
	GlobalSection(ExtensibilityGlobals) = postSolution
		SolutionGuid = {F1345397-9596-43E3-882D-2137961A1674}
	EndGlobalSection
EndGlobal
